
Microsoft Visual Studio Solution File, Format Version 12.00
# Visual Studio Version 17
VisualStudioVersion = 17.7.34031.279
MinimumVisualStudioVersion = 10.0.40219.1
Project("{FAE04EC0-301F-11D3-BF4B-00C04F79EFBC}") = "Data Structures", "Data Structures.csproj", "{C145681A-566D-42B8-95FE-DBEBA215E6F1}"
EndProject
Global
	GlobalSection(SolutionConfigurationPlatforms) = preSolution
		Debug|Any CPU = Debug|Any CPU
		Release|Any CPU = Release|Any CPU
	EndGlobalSection
	GlobalSection(ProjectConfigurationPlatforms) = postSolution
		{C145681A-566D-42B8-95FE-DBEBA215E6F1}.Debug|Any CPU.ActiveCfg = Debug|Any CPU
		{C145681A-566D-42B8-95FE-DBEBA215E6F1}.Debug|Any CPU.Build.0 = Debug|Any CPU
		{C145681A-566D-42B8-95FE-DBEBA215E6F1}.Release|Any CPU.ActiveCfg = Release|Any CPU
		{C145681A-566D-42B8-95FE-DBEBA215E6F1}.Release|Any CPU.Build.0 = Release|Any CPU
	EndGlobalSection
	GlobalSection(SolutionProperties) = preSolution
		HideSolutionNode = FALSE
	EndGlobalSection
	GlobalSection(ExtensibilityGlobals) = postSolution
		SolutionGuid = {0E313495-7E19-48DD-8A8F-7AF1FF82BA38}
	EndGlobalSection
EndGlobal
